
Microsoft Visual Studio Solution File, Format Version 12.00
# Visual Studio Version 16
VisualStudioVersion = 16.0.29709.97
MinimumVisualStudioVersion = 10.0.40219.1
Project("{9A19103F-16F7-4668-BE54-9A1E7A4F7556}") = "Application.Frontend", "SpaWithSignalR\Application.Frontend.csproj", "{38A30860-3AB8-48D0-AF6F-92CACF67EB4A}"
EndProject
Project("{9A19103F-16F7-4668-BE54-9A1E7A4F7556}") = "Application.Azure.TemperatureFunction", "BackgroundProcess\Application.Azure.TemperatureFunction.csproj", "{70A8ED31-23F6-4E39-A1ED-6D7EB54FDD02}"
EndProject
Project("{9A19103F-16F7-4668-BE54-9A1E7A4F7556}") = "Messaging.Azure.Storage.Queues", "Messaging.Azure.Storage.Queues\Messaging.Azure.Storage.Queues.csproj", "{3DE43EA5-6AFD-40BE-B8FE-B84E14518DA9}"
EndProject
Project("{9A19103F-16F7-4668-BE54-9A1E7A4F7556}") = "Application.Abstractions", "Abstractions\Application.Abstractions.csproj", "{E717DD66-914A-4C82-B1A6-73CE93C75826}"
EndProject
Project("{9A19103F-16F7-4668-BE54-9A1E7A4F7556}") = "Messaging.Azure.ServiceBus.Subscriber", "Messaging.Azure.ServiceBus.Subscriber\Messaging.Azure.ServiceBus.Subscriber.csproj", "{9D6C5A4F-C0D7-4B3F-880B-13E5B06C3607}"
EndProject
Project("{9A19103F-16F7-4668-BE54-9A1E7A4F7556}") = "Messaging.Abstractions", "Messaging.Abstractions\Messaging.Abstractions.csproj", "{B7F1FCE6-CE66-44B8-9B9F-2ABC989736CF}"
EndProject
Project("{FAE04EC0-301F-11D3-BF4B-00C04F79EFBC}") = "Application.Repository.MongoDb", "Application.Repository.MongoDb\Application.Repository.MongoDb.csproj", "{8B900F6F-3765-4A44-B172-88DBEA3A8C70}"
EndProject
Global
	GlobalSection(SolutionConfigurationPlatforms) = preSolution
		Debug|Any CPU = Debug|Any CPU
		Release|Any CPU = Release|Any CPU
	EndGlobalSection
	GlobalSection(ProjectConfigurationPlatforms) = postSolution
		{38A30860-3AB8-48D0-AF6F-92CACF67EB4A}.Debug|Any CPU.ActiveCfg = Debug|Any CPU
		{38A30860-3AB8-48D0-AF6F-92CACF67EB4A}.Debug|Any CPU.Build.0 = Debug|Any CPU
		{38A30860-3AB8-48D0-AF6F-92CACF67EB4A}.Release|Any CPU.ActiveCfg = Release|Any CPU
		{38A30860-3AB8-48D0-AF6F-92CACF67EB4A}.Release|Any CPU.Build.0 = Release|Any CPU
		{70A8ED31-23F6-4E39-A1ED-6D7EB54FDD02}.Debug|Any CPU.ActiveCfg = Debug|Any CPU
		{70A8ED31-23F6-4E39-A1ED-6D7EB54FDD02}.Debug|Any CPU.Build.0 = Debug|Any CPU
		{70A8ED31-23F6-4E39-A1ED-6D7EB54FDD02}.Release|Any CPU.ActiveCfg = Release|Any CPU
		{70A8ED31-23F6-4E39-A1ED-6D7EB54FDD02}.Release|Any CPU.Build.0 = Release|Any CPU
		{3DE43EA5-6AFD-40BE-B8FE-B84E14518DA9}.Debug|Any CPU.ActiveCfg = Debug|Any CPU
		{3DE43EA5-6AFD-40BE-B8FE-B84E14518DA9}.Debug|Any CPU.Build.0 = Debug|Any CPU
		{3DE43EA5-6AFD-40BE-B8FE-B84E14518DA9}.Release|Any CPU.ActiveCfg = Release|Any CPU
		{3DE43EA5-6AFD-40BE-B8FE-B84E14518DA9}.Release|Any CPU.Build.0 = Release|Any CPU
		{E717DD66-914A-4C82-B1A6-73CE93C75826}.Debug|Any CPU.ActiveCfg = Debug|Any CPU
		{E717DD66-914A-4C82-B1A6-73CE93C75826}.Debug|Any CPU.Build.0 = Debug|Any CPU
		{E717DD66-914A-4C82-B1A6-73CE93C75826}.Release|Any CPU.ActiveCfg = Release|Any CPU
		{E717DD66-914A-4C82-B1A6-73CE93C75826}.Release|Any CPU.Build.0 = Release|Any CPU
		{9D6C5A4F-C0D7-4B3F-880B-13E5B06C3607}.Debug|Any CPU.ActiveCfg = Debug|Any CPU
		{9D6C5A4F-C0D7-4B3F-880B-13E5B06C3607}.Debug|Any CPU.Build.0 = Debug|Any CPU
		{9D6C5A4F-C0D7-4B3F-880B-13E5B06C3607}.Release|Any CPU.ActiveCfg = Release|Any CPU
		{9D6C5A4F-C0D7-4B3F-880B-13E5B06C3607}.Release|Any CPU.Build.0 = Release|Any CPU
		{B7F1FCE6-CE66-44B8-9B9F-2ABC989736CF}.Debug|Any CPU.ActiveCfg = Debug|Any CPU
		{B7F1FCE6-CE66-44B8-9B9F-2ABC989736CF}.Debug|Any CPU.Build.0 = Debug|Any CPU
		{B7F1FCE6-CE66-44B8-9B9F-2ABC989736CF}.Release|Any CPU.ActiveCfg = Release|Any CPU
		{B7F1FCE6-CE66-44B8-9B9F-2ABC989736CF}.Release|Any CPU.Build.0 = Release|Any CPU
		{8B900F6F-3765-4A44-B172-88DBEA3A8C70}.Debug|Any CPU.ActiveCfg = Debug|Any CPU
		{8B900F6F-3765-4A44-B172-88DBEA3A8C70}.Debug|Any CPU.Build.0 = Debug|Any CPU
		{8B900F6F-3765-4A44-B172-88DBEA3A8C70}.Release|Any CPU.ActiveCfg = Release|Any CPU
		{8B900F6F-3765-4A44-B172-88DBEA3A8C70}.Release|Any CPU.Build.0 = Release|Any CPU
	EndGlobalSection
	GlobalSection(SolutionProperties) = preSolution
		HideSolutionNode = FALSE
	EndGlobalSection
	GlobalSection(ExtensibilityGlobals) = postSolution
		SolutionGuid = {668876CC-FF20-4B12-BBB7-92EAC2EAEDC8}
	EndGlobalSection
EndGlobal
